// !$*UTF8*$!
{
	archiveVersion = 1;
	classes = {
	};
	objectVersion = 56;
	objects = {

/* Begin PBXBuildFile section */
		BF0FD2202C91E0C5006AE957 /* IncomeTableViewCell.swift in Sources */ = {isa = PBXBuildFile; fileRef = BF0FD21F2C91E0C5006AE957 /* IncomeTableViewCell.swift */; };
		BF0FD2232C91EC99006AE957 /* DGCharts in Frameworks */ = {isa = PBXBuildFile; productRef = BF0FD2222C91EC99006AE957 /* DGCharts */; };
		BF10EC532C87C600002BEA63 /* IncomesViewController.swift in Sources */ = {isa = PBXBuildFile; fileRef = BF10EC522C87C600002BEA63 /* IncomesViewController.swift */; };
		BF10EC552C87C60A002BEA63 /* IncomesInteractor.swift in Sources */ = {isa = PBXBuildFile; fileRef = BF10EC542C87C60A002BEA63 /* IncomesInteractor.swift */; };
		BF10EC572C87C615002BEA63 /* IncomesPresenter.swift in Sources */ = {isa = PBXBuildFile; fileRef = BF10EC562C87C615002BEA63 /* IncomesPresenter.swift */; };
		BF10EC592C87C61D002BEA63 /* IncomesRouter.swift in Sources */ = {isa = PBXBuildFile; fileRef = BF10EC582C87C61D002BEA63 /* IncomesRouter.swift */; };
		BF10EC5B2C87C644002BEA63 /* TransactionViewController.swift in Sources */ = {isa = PBXBuildFile; fileRef = BF10EC5A2C87C643002BEA63 /* TransactionViewController.swift */; };
		BF10EC5D2C87C64E002BEA63 /* TransactionInteractor.swift in Sources */ = {isa = PBXBuildFile; fileRef = BF10EC5C2C87C64E002BEA63 /* TransactionInteractor.swift */; };
		BF10EC5F2C87C65B002BEA63 /* TransactionPresenter.swift in Sources */ = {isa = PBXBuildFile; fileRef = BF10EC5E2C87C65B002BEA63 /* TransactionPresenter.swift */; };
		BF10EC612C87C663002BEA63 /* TransactionRouter.swift in Sources */ = {isa = PBXBuildFile; fileRef = BF10EC602C87C663002BEA63 /* TransactionRouter.swift */; };
		BF10EC632C87C66B002BEA63 /* ExpensesViewController.swift in Sources */ = {isa = PBXBuildFile; fileRef = BF10EC622C87C66B002BEA63 /* ExpensesViewController.swift */; };
		BF10EC652C87C676002BEA63 /* ExpensesInteractor.swift in Sources */ = {isa = PBXBuildFile; fileRef = BF10EC642C87C676002BEA63 /* ExpensesInteractor.swift */; };
		BF10EC672C87C67D002BEA63 /* ExpensesPresenter.swift in Sources */ = {isa = PBXBuildFile; fileRef = BF10EC662C87C67D002BEA63 /* ExpensesPresenter.swift */; };
		BF10EC692C87C683002BEA63 /* ExpensesRouter.swift in Sources */ = {isa = PBXBuildFile; fileRef = BF10EC682C87C683002BEA63 /* ExpensesRouter.swift */; };
		BF10EC6B2C87C68A002BEA63 /* ConfigurationViewController.swift in Sources */ = {isa = PBXBuildFile; fileRef = BF10EC6A2C87C68A002BEA63 /* ConfigurationViewController.swift */; };
		BF10EC6D2C87C68F002BEA63 /* ConfigurationInteractor.swift in Sources */ = {isa = PBXBuildFile; fileRef = BF10EC6C2C87C68F002BEA63 /* ConfigurationInteractor.swift */; };
		BF10EC6F2C87C69F002BEA63 /* ConfigurationPresenter.swift in Sources */ = {isa = PBXBuildFile; fileRef = BF10EC6E2C87C69F002BEA63 /* ConfigurationPresenter.swift */; };
		BF10EC712C87C6A9002BEA63 /* ConfigurationRouter.swift in Sources */ = {isa = PBXBuildFile; fileRef = BF10EC702C87C6A9002BEA63 /* ConfigurationRouter.swift */; };
		BF3FCE1E2C8F613B00EA7268 /* NotificationNames.swift in Sources */ = {isa = PBXBuildFile; fileRef = BF3FCE1D2C8F613B00EA7268 /* NotificationNames.swift */; };
		BF3FCE212C8F79FE00EA7268 /* ExpenseTableViewCell.swift in Sources */ = {isa = PBXBuildFile; fileRef = BF3FCE202C8F79FE00EA7268 /* ExpenseTableViewCell.swift */; };
		BF50EF2F2C9219D2000AEBBB /* ConfigurationTableViewCell.swift in Sources */ = {isa = PBXBuildFile; fileRef = BF50EF2E2C9219D2000AEBBB /* ConfigurationTableViewCell.swift */; };
		BF5A61462C8A5D2E009EE3FA /* Category.swift in Sources */ = {isa = PBXBuildFile; fileRef = BF5A61452C8A5D2E009EE3FA /* Category.swift */; };
		BF5A61482C8A6BE3009EE3FA /* TransactionType.swift in Sources */ = {isa = PBXBuildFile; fileRef = BF5A61472C8A6BE3009EE3FA /* TransactionType.swift */; };
		BF99B4232C91F1C700BCDF20 /* RealmSwift in Embed Frameworks */ = {isa = PBXBuildFile; productRef = BFDEA6942C896D5900621383 /* RealmSwift */; settings = {ATTRIBUTES = (CodeSignOnCopy, ); }; };
		BF9B345E2C90A071000E3115 /* DateUtils.swift in Sources */ = {isa = PBXBuildFile; fileRef = BF9B345D2C90A071000E3115 /* DateUtils.swift */; };
		BFC47D652C9B106E007B16FF /* BarChartViewWrapper.swift in Sources */ = {isa = PBXBuildFile; fileRef = BFC47D642C9B106E007B16FF /* BarChartViewWrapper.swift */; };
		BFD48DD72C8668AF00E42FBF /* AppDelegate.swift in Sources */ = {isa = PBXBuildFile; fileRef = BFD48DD62C8668AF00E42FBF /* AppDelegate.swift */; };
		BFD48DD92C8668AF00E42FBF /* SceneDelegate.swift in Sources */ = {isa = PBXBuildFile; fileRef = BFD48DD82C8668AF00E42FBF /* SceneDelegate.swift */; };
		BFD48DDB2C8668AF00E42FBF /* HomeViewController.swift in Sources */ = {isa = PBXBuildFile; fileRef = BFD48DDA2C8668AF00E42FBF /* HomeViewController.swift */; };
		BFD48DE02C8668B000E42FBF /* Assets.xcassets in Resources */ = {isa = PBXBuildFile; fileRef = BFD48DDF2C8668B000E42FBF /* Assets.xcassets */; };
		BFD48DE32C8668B000E42FBF /* Base in Resources */ = {isa = PBXBuildFile; fileRef = BFD48DE22C8668B000E42FBF /* Base */; };
		BFD48DED2C86766C00E42FBF /* HomeInteractor.swift in Sources */ = {isa = PBXBuildFile; fileRef = BFD48DEC2C86766C00E42FBF /* HomeInteractor.swift */; };
		BFD48DEF2C86767800E42FBF /* HomePresenter.swift in Sources */ = {isa = PBXBuildFile; fileRef = BFD48DEE2C86767800E42FBF /* HomePresenter.swift */; };
		BFD48DF12C86768200E42FBF /* HomeRouter.swift in Sources */ = {isa = PBXBuildFile; fileRef = BFD48DF02C86768200E42FBF /* HomeRouter.swift */; };
		BFDEA68E2C895E5500621383 /* Expense.swift in Sources */ = {isa = PBXBuildFile; fileRef = BFDEA68D2C895E5500621383 /* Expense.swift */; };
		BFDEA6902C895E5D00621383 /* Income.swift in Sources */ = {isa = PBXBuildFile; fileRef = BFDEA68F2C895E5D00621383 /* Income.swift */; };
		BFDEA6922C896A7800621383 /* TabBarController.swift in Sources */ = {isa = PBXBuildFile; fileRef = BFDEA6912C896A7800621383 /* TabBarController.swift */; };
		BFDEA6952C896D5900621383 /* RealmSwift in Frameworks */ = {isa = PBXBuildFile; productRef = BFDEA6942C896D5900621383 /* RealmSwift */; };
/* End PBXBuildFile section */

/* Begin PBXCopyFilesBuildPhase section */
		BF99B4242C91F1C700BCDF20 /* Embed Frameworks */ = {
			isa = PBXCopyFilesBuildPhase;
			buildActionMask = 2147483647;
			dstPath = "";
			dstSubfolderSpec = 10;
			files = (
				BF99B4232C91F1C700BCDF20 /* RealmSwift in Embed Frameworks */,
			);
			name = "Embed Frameworks";
			runOnlyForDeploymentPostprocessing = 0;
		};
/* End PBXCopyFilesBuildPhase section */

/* Begin PBXFileReference section */
		BF0FD21F2C91E0C5006AE957 /* IncomeTableViewCell.swift */ = {isa = PBXFileReference; lastKnownFileType = sourcecode.swift; path = IncomeTableViewCell.swift; sourceTree = "<group>"; };
		BF10EC522C87C600002BEA63 /* IncomesViewController.swift */ = {isa = PBXFileReference; lastKnownFileType = sourcecode.swift; path = IncomesViewController.swift; sourceTree = "<group>"; };
		BF10EC542C87C60A002BEA63 /* IncomesInteractor.swift */ = {isa = PBXFileReference; lastKnownFileType = sourcecode.swift; path = IncomesInteractor.swift; sourceTree = "<group>"; };
		BF10EC562C87C615002BEA63 /* IncomesPresenter.swift */ = {isa = PBXFileReference; lastKnownFileType = sourcecode.swift; path = IncomesPresenter.swift; sourceTree = "<group>"; };
		BF10EC582C87C61D002BEA63 /* IncomesRouter.swift */ = {isa = PBXFileReference; lastKnownFileType = sourcecode.swift; path = IncomesRouter.swift; sourceTree = "<group>"; };
		BF10EC5A2C87C643002BEA63 /* TransactionViewController.swift */ = {isa = PBXFileReference; lastKnownFileType = sourcecode.swift; path = TransactionViewController.swift; sourceTree = "<group>"; };
		BF10EC5C2C87C64E002BEA63 /* TransactionInteractor.swift */ = {isa = PBXFileReference; lastKnownFileType = sourcecode.swift; path = TransactionInteractor.swift; sourceTree = "<group>"; };
		BF10EC5E2C87C65B002BEA63 /* TransactionPresenter.swift */ = {isa = PBXFileReference; lastKnownFileType = sourcecode.swift; path = TransactionPresenter.swift; sourceTree = "<group>"; };
		BF10EC602C87C663002BEA63 /* TransactionRouter.swift */ = {isa = PBXFileReference; lastKnownFileType = sourcecode.swift; path = TransactionRouter.swift; sourceTree = "<group>"; };
		BF10EC622C87C66B002BEA63 /* ExpensesViewController.swift */ = {isa = PBXFileReference; lastKnownFileType = sourcecode.swift; path = ExpensesViewController.swift; sourceTree = "<group>"; };
		BF10EC642C87C676002BEA63 /* ExpensesInteractor.swift */ = {isa = PBXFileReference; lastKnownFileType = sourcecode.swift; path = ExpensesInteractor.swift; sourceTree = "<group>"; };
		BF10EC662C87C67D002BEA63 /* ExpensesPresenter.swift */ = {isa = PBXFileReference; lastKnownFileType = sourcecode.swift; path = ExpensesPresenter.swift; sourceTree = "<group>"; };
		BF10EC682C87C683002BEA63 /* ExpensesRouter.swift */ = {isa = PBXFileReference; lastKnownFileType = sourcecode.swift; path = ExpensesRouter.swift; sourceTree = "<group>"; };
		BF10EC6A2C87C68A002BEA63 /* ConfigurationViewController.swift */ = {isa = PBXFileReference; lastKnownFileType = sourcecode.swift; path = ConfigurationViewController.swift; sourceTree = "<group>"; };
		BF10EC6C2C87C68F002BEA63 /* ConfigurationInteractor.swift */ = {isa = PBXFileReference; lastKnownFileType = sourcecode.swift; path = ConfigurationInteractor.swift; sourceTree = "<group>"; };
		BF10EC6E2C87C69F002BEA63 /* ConfigurationPresenter.swift */ = {isa = PBXFileReference; lastKnownFileType = sourcecode.swift; path = ConfigurationPresenter.swift; sourceTree = "<group>"; };
		BF10EC702C87C6A9002BEA63 /* ConfigurationRouter.swift */ = {isa = PBXFileReference; lastKnownFileType = sourcecode.swift; path = ConfigurationRouter.swift; sourceTree = "<group>"; };
		BF3FCE1D2C8F613B00EA7268 /* NotificationNames.swift */ = {isa = PBXFileReference; lastKnownFileType = sourcecode.swift; path = NotificationNames.swift; sourceTree = "<group>"; };
		BF3FCE202C8F79FE00EA7268 /* ExpenseTableViewCell.swift */ = {isa = PBXFileReference; lastKnownFileType = sourcecode.swift; path = ExpenseTableViewCell.swift; sourceTree = "<group>"; };
		BF50EF2E2C9219D2000AEBBB /* ConfigurationTableViewCell.swift */ = {isa = PBXFileReference; lastKnownFileType = sourcecode.swift; path = ConfigurationTableViewCell.swift; sourceTree = "<group>"; };
		BF5A61452C8A5D2E009EE3FA /* Category.swift */ = {isa = PBXFileReference; lastKnownFileType = sourcecode.swift; path = Category.swift; sourceTree = "<group>"; };
		BF5A61472C8A6BE3009EE3FA /* TransactionType.swift */ = {isa = PBXFileReference; lastKnownFileType = sourcecode.swift; path = TransactionType.swift; sourceTree = "<group>"; };
		BF9B345D2C90A071000E3115 /* DateUtils.swift */ = {isa = PBXFileReference; lastKnownFileType = sourcecode.swift; path = DateUtils.swift; sourceTree = "<group>"; };
		BFC47D642C9B106E007B16FF /* BarChartViewWrapper.swift */ = {isa = PBXFileReference; lastKnownFileType = sourcecode.swift; path = BarChartViewWrapper.swift; sourceTree = "<group>"; };
		BFD48DD32C8668AF00E42FBF /* MoneyFlow.app */ = {isa = PBXFileReference; explicitFileType = wrapper.application; includeInIndex = 0; path = MoneyFlow.app; sourceTree = BUILT_PRODUCTS_DIR; };
		BFD48DD62C8668AF00E42FBF /* AppDelegate.swift */ = {isa = PBXFileReference; lastKnownFileType = sourcecode.swift; path = AppDelegate.swift; sourceTree = "<group>"; };
		BFD48DD82C8668AF00E42FBF /* SceneDelegate.swift */ = {isa = PBXFileReference; lastKnownFileType = sourcecode.swift; path = SceneDelegate.swift; sourceTree = "<group>"; };
		BFD48DDA2C8668AF00E42FBF /* HomeViewController.swift */ = {isa = PBXFileReference; lastKnownFileType = sourcecode.swift; path = HomeViewController.swift; sourceTree = "<group>"; };
		BFD48DDF2C8668B000E42FBF /* Assets.xcassets */ = {isa = PBXFileReference; lastKnownFileType = folder.assetcatalog; path = Assets.xcassets; sourceTree = "<group>"; };
		BFD48DE22C8668B000E42FBF /* Base */ = {isa = PBXFileReference; lastKnownFileType = file.storyboard; name = Base; path = Base.lproj/LaunchScreen.storyboard; sourceTree = "<group>"; };
		BFD48DE42C8668B000E42FBF /* Info.plist */ = {isa = PBXFileReference; lastKnownFileType = text.plist.xml; path = Info.plist; sourceTree = "<group>"; };
		BFD48DEC2C86766C00E42FBF /* HomeInteractor.swift */ = {isa = PBXFileReference; lastKnownFileType = sourcecode.swift; path = HomeInteractor.swift; sourceTree = "<group>"; };
		BFD48DEE2C86767800E42FBF /* HomePresenter.swift */ = {isa = PBXFileReference; lastKnownFileType = sourcecode.swift; path = HomePresenter.swift; sourceTree = "<group>"; };
		BFD48DF02C86768200E42FBF /* HomeRouter.swift */ = {isa = PBXFileReference; lastKnownFileType = sourcecode.swift; path = HomeRouter.swift; sourceTree = "<group>"; };
		BFDEA68D2C895E5500621383 /* Expense.swift */ = {isa = PBXFileReference; lastKnownFileType = sourcecode.swift; path = Expense.swift; sourceTree = "<group>"; };
		BFDEA68F2C895E5D00621383 /* Income.swift */ = {isa = PBXFileReference; lastKnownFileType = sourcecode.swift; path = Income.swift; sourceTree = "<group>"; };
		BFDEA6912C896A7800621383 /* TabBarController.swift */ = {isa = PBXFileReference; lastKnownFileType = sourcecode.swift; path = TabBarController.swift; sourceTree = "<group>"; };
/* End PBXFileReference section */

/* Begin PBXFrameworksBuildPhase section */
		BFD48DD02C8668AF00E42FBF /* Frameworks */ = {
			isa = PBXFrameworksBuildPhase;
			buildActionMask = 2147483647;
			files = (
				BF0FD2232C91EC99006AE957 /* DGCharts in Frameworks */,
				BFDEA6952C896D5900621383 /* RealmSwift in Frameworks */,
			);
			runOnlyForDeploymentPostprocessing = 0;
		};
/* End PBXFrameworksBuildPhase section */

/* Begin PBXGroup section */
		BF0FD21E2C91E0B2006AE957 /* SubViews */ = {
			isa = PBXGroup;
			children = (
				BF0FD21F2C91E0C5006AE957 /* IncomeTableViewCell.swift */,
			);
			path = SubViews;
			sourceTree = "<group>";
		};
		BF10EC462C87C4E4002BEA63 /* Incomes */ = {
			isa = PBXGroup;
			children = (
				BF0FD21E2C91E0B2006AE957 /* SubViews */,
				BF10EC522C87C600002BEA63 /* IncomesViewController.swift */,
				BF10EC542C87C60A002BEA63 /* IncomesInteractor.swift */,
				BF10EC562C87C615002BEA63 /* IncomesPresenter.swift */,
				BF10EC582C87C61D002BEA63 /* IncomesRouter.swift */,
			);
			path = Incomes;
			sourceTree = "<group>";
		};
		BF10EC472C87C4EE002BEA63 /* Expenses */ = {
			isa = PBXGroup;
			children = (
				BF3FCE1F2C8F79BE00EA7268 /* SubViews */,
				BF10EC622C87C66B002BEA63 /* ExpensesViewController.swift */,
				BF10EC642C87C676002BEA63 /* ExpensesInteractor.swift */,
				BF10EC662C87C67D002BEA63 /* ExpensesPresenter.swift */,
				BF10EC682C87C683002BEA63 /* ExpensesRouter.swift */,
			);
			path = Expenses;
			sourceTree = "<group>";
		};
		BF10EC482C87C510002BEA63 /* Transaction */ = {
			isa = PBXGroup;
			children = (
				BF10EC5A2C87C643002BEA63 /* TransactionViewController.swift */,
				BF10EC5C2C87C64E002BEA63 /* TransactionInteractor.swift */,
				BF10EC5E2C87C65B002BEA63 /* TransactionPresenter.swift */,
				BF10EC602C87C663002BEA63 /* TransactionRouter.swift */,
			);
			path = Transaction;
			sourceTree = "<group>";
		};
		BF10EC492C87C51B002BEA63 /* Configuration */ = {
			isa = PBXGroup;
			children = (
				BF50EF2D2C9219B9000AEBBB /* SubViews */,
				BF10EC6A2C87C68A002BEA63 /* ConfigurationViewController.swift */,
				BF10EC6C2C87C68F002BEA63 /* ConfigurationInteractor.swift */,
				BF10EC6E2C87C69F002BEA63 /* ConfigurationPresenter.swift */,
				BF10EC702C87C6A9002BEA63 /* ConfigurationRouter.swift */,
			);
			path = Configuration;
			sourceTree = "<group>";
		};
		BF3FCE1C2C8F612C00EA7268 /* Utils */ = {
			isa = PBXGroup;
			children = (
				BF3FCE1D2C8F613B00EA7268 /* NotificationNames.swift */,
				BF9B345D2C90A071000E3115 /* DateUtils.swift */,
				BFC47D642C9B106E007B16FF /* BarChartViewWrapper.swift */,
			);
			path = Utils;
			sourceTree = "<group>";
		};
		BF3FCE1F2C8F79BE00EA7268 /* SubViews */ = {
			isa = PBXGroup;
			children = (
				BF3FCE202C8F79FE00EA7268 /* ExpenseTableViewCell.swift */,
			);
			path = SubViews;
			sourceTree = "<group>";
		};
		BF50EF2D2C9219B9000AEBBB /* SubViews */ = {
			isa = PBXGroup;
			children = (
				BF50EF2E2C9219D2000AEBBB /* ConfigurationTableViewCell.swift */,
			);
			path = SubViews;
			sourceTree = "<group>";
		};
		BFD48DCA2C8668AF00E42FBF = {
			isa = PBXGroup;
			children = (
				BFD48DD52C8668AF00E42FBF /* MoneyFlow */,
				BFD48DD42C8668AF00E42FBF /* Products */,
			);
			sourceTree = "<group>";
		};
		BFD48DD42C8668AF00E42FBF /* Products */ = {
			isa = PBXGroup;
			children = (
				BFD48DD32C8668AF00E42FBF /* MoneyFlow.app */,
			);
			name = Products;
			sourceTree = "<group>";
		};
		BFD48DD52C8668AF00E42FBF /* MoneyFlow */ = {
			isa = PBXGroup;
			children = (
				BF3FCE1C2C8F612C00EA7268 /* Utils */,
				BFDEA6882C895E3000621383 /* Models */,
				BFD48DEA2C86765700E42FBF /* Scenes */,
				BFD48DD62C8668AF00E42FBF /* AppDelegate.swift */,
				BFD48DD82C8668AF00E42FBF /* SceneDelegate.swift */,
				BFDEA6912C896A7800621383 /* TabBarController.swift */,
				BFD48DDF2C8668B000E42FBF /* Assets.xcassets */,
				BFD48DE12C8668B000E42FBF /* LaunchScreen.storyboard */,
				BFD48DE42C8668B000E42FBF /* Info.plist */,
			);
			path = MoneyFlow;
			sourceTree = "<group>";
		};
		BFD48DEA2C86765700E42FBF /* Scenes */ = {
			isa = PBXGroup;
			children = (
				BFD48DEB2C86765B00E42FBF /* Home */,
				BF10EC462C87C4E4002BEA63 /* Incomes */,
				BF10EC482C87C510002BEA63 /* Transaction */,
				BF10EC472C87C4EE002BEA63 /* Expenses */,
				BF10EC492C87C51B002BEA63 /* Configuration */,
			);
			path = Scenes;
			sourceTree = "<group>";
		};
		BFD48DEB2C86765B00E42FBF /* Home */ = {
			isa = PBXGroup;
			children = (
				BFD48DDA2C8668AF00E42FBF /* HomeViewController.swift */,
				BFD48DEC2C86766C00E42FBF /* HomeInteractor.swift */,
				BFD48DEE2C86767800E42FBF /* HomePresenter.swift */,
				BFD48DF02C86768200E42FBF /* HomeRouter.swift */,
			);
			path = Home;
			sourceTree = "<group>";
		};
		BFDEA6882C895E3000621383 /* Models */ = {
			isa = PBXGroup;
			children = (
				BFDEA68D2C895E5500621383 /* Expense.swift */,
				BFDEA68F2C895E5D00621383 /* Income.swift */,
				BF5A61452C8A5D2E009EE3FA /* Category.swift */,
				BF5A61472C8A6BE3009EE3FA /* TransactionType.swift */,
			);
			path = Models;
			sourceTree = "<group>";
		};
/* End PBXGroup section */

/* Begin PBXNativeTarget section */
		BFD48DD22C8668AF00E42FBF /* MoneyFlow */ = {
			isa = PBXNativeTarget;
			buildConfigurationList = BFD48DE72C8668B000E42FBF /* Build configuration list for PBXNativeTarget "MoneyFlow" */;
			buildPhases = (
				BFD48DCF2C8668AF00E42FBF /* Sources */,
				BFD48DD02C8668AF00E42FBF /* Frameworks */,
				BFD48DD12C8668AF00E42FBF /* Resources */,
				BF99B4242C91F1C700BCDF20 /* Embed Frameworks */,
			);
			buildRules = (
			);
			dependencies = (
			);
			name = MoneyFlow;
			packageProductDependencies = (
				BFDEA6942C896D5900621383 /* RealmSwift */,
				BF0FD2222C91EC99006AE957 /* DGCharts */,
			);
			productName = MoneyFlow;
			productReference = BFD48DD32C8668AF00E42FBF /* MoneyFlow.app */;
			productType = "com.apple.product-type.application";
		};
/* End PBXNativeTarget section */

/* Begin PBXProject section */
		BFD48DCB2C8668AF00E42FBF /* Project object */ = {
			isa = PBXProject;
			attributes = {
				BuildIndependentTargetsInParallel = 1;
				LastSwiftUpdateCheck = 1530;
				LastUpgradeCheck = 1530;
				TargetAttributes = {
					BFD48DD22C8668AF00E42FBF = {
						CreatedOnToolsVersion = 15.3;
					};
				};
			};
			buildConfigurationList = BFD48DCE2C8668AF00E42FBF /* Build configuration list for PBXProject "MoneyFlow" */;
			compatibilityVersion = "Xcode 14.0";
			developmentRegion = en;
			hasScannedForEncodings = 0;
			knownRegions = (
				en,
				Base,
			);
			mainGroup = BFD48DCA2C8668AF00E42FBF;
			packageReferences = (
				BFDEA6932C896D5900621383 /* XCRemoteSwiftPackageReference "realm-swift" */,
				BF0FD2212C91EC99006AE957 /* XCRemoteSwiftPackageReference "Charts" */,
			);
			productRefGroup = BFD48DD42C8668AF00E42FBF /* Products */;
			projectDirPath = "";
			projectRoot = "";
			targets = (
				BFD48DD22C8668AF00E42FBF /* MoneyFlow */,
			);
		};
/* End PBXProject section */

/* Begin PBXResourcesBuildPhase section */
		BFD48DD12C8668AF00E42FBF /* Resources */ = {
			isa = PBXResourcesBuildPhase;
			buildActionMask = 2147483647;
			files = (
				BFD48DE02C8668B000E42FBF /* Assets.xcassets in Resources */,
				BFD48DE32C8668B000E42FBF /* Base in Resources */,
			);
			runOnlyForDeploymentPostprocessing = 0;
		};
/* End PBXResourcesBuildPhase section */

/* Begin PBXSourcesBuildPhase section */
		BFD48DCF2C8668AF00E42FBF /* Sources */ = {
			isa = PBXSourcesBuildPhase;
			buildActionMask = 2147483647;
			files = (
				BFDEA68E2C895E5500621383 /* Expense.swift in Sources */,
				BFDEA6922C896A7800621383 /* TabBarController.swift in Sources */,
				BFD48DDB2C8668AF00E42FBF /* HomeViewController.swift in Sources */,
				BFD48DF12C86768200E42FBF /* HomeRouter.swift in Sources */,
				BFD48DD72C8668AF00E42FBF /* AppDelegate.swift in Sources */,
				BF10EC712C87C6A9002BEA63 /* ConfigurationRouter.swift in Sources */,
				BF10EC592C87C61D002BEA63 /* IncomesRouter.swift in Sources */,
				BF9B345E2C90A071000E3115 /* DateUtils.swift in Sources */,
				BFC47D652C9B106E007B16FF /* BarChartViewWrapper.swift in Sources */,
				BF10EC552C87C60A002BEA63 /* IncomesInteractor.swift in Sources */,
				BF10EC612C87C663002BEA63 /* TransactionRouter.swift in Sources */,
				BF5A61462C8A5D2E009EE3FA /* Category.swift in Sources */,
				BF5A61482C8A6BE3009EE3FA /* TransactionType.swift in Sources */,
				BF50EF2F2C9219D2000AEBBB /* ConfigurationTableViewCell.swift in Sources */,
				BF10EC672C87C67D002BEA63 /* ExpensesPresenter.swift in Sources */,
				BF10EC6D2C87C68F002BEA63 /* ConfigurationInteractor.swift in Sources */,
				BFD48DD92C8668AF00E42FBF /* SceneDelegate.swift in Sources */,
				BF10EC572C87C615002BEA63 /* IncomesPresenter.swift in Sources */,
				BF10EC632C87C66B002BEA63 /* ExpensesViewController.swift in Sources */,
				BF10EC652C87C676002BEA63 /* ExpensesInteractor.swift in Sources */,
				BF10EC5D2C87C64E002BEA63 /* TransactionInteractor.swift in Sources */,
				BFD48DEF2C86767800E42FBF /* HomePresenter.swift in Sources */,
				BF10EC5B2C87C644002BEA63 /* TransactionViewController.swift in Sources */,
				BF3FCE212C8F79FE00EA7268 /* ExpenseTableViewCell.swift in Sources */,
				BFDEA6902C895E5D00621383 /* Income.swift in Sources */,
				BF0FD2202C91E0C5006AE957 /* IncomeTableViewCell.swift in Sources */,
				BF10EC532C87C600002BEA63 /* IncomesViewController.swift in Sources */,
				BFD48DED2C86766C00E42FBF /* HomeInteractor.swift in Sources */,
				BF10EC6B2C87C68A002BEA63 /* ConfigurationViewController.swift in Sources */,
				BF10EC5F2C87C65B002BEA63 /* TransactionPresenter.swift in Sources */,
				BF3FCE1E2C8F613B00EA7268 /* NotificationNames.swift in Sources */,
				BF10EC6F2C87C69F002BEA63 /* ConfigurationPresenter.swift in Sources */,
				BF10EC692C87C683002BEA63 /* ExpensesRouter.swift in Sources */,
			);
			runOnlyForDeploymentPostprocessing = 0;
		};
/* End PBXSourcesBuildPhase section */

/* Begin PBXVariantGroup section */
		BFD48DE12C8668B000E42FBF /* LaunchScreen.storyboard */ = {
			isa = PBXVariantGroup;
			children = (
				BFD48DE22C8668B000E42FBF /* Base */,
			);
			name = LaunchScreen.storyboard;
			sourceTree = "<group>";
		};
/* End PBXVariantGroup section */

/* Begin XCBuildConfiguration section */
		BFD48DE52C8668B000E42FBF /* Debug */ = {
			isa = XCBuildConfiguration;
			buildSettings = {
				ALWAYS_SEARCH_USER_PATHS = NO;
				ASSETCATALOG_COMPILER_GENERATE_SWIFT_ASSET_SYMBOL_EXTENSIONS = YES;
				CLANG_ANALYZER_NONNULL = YES;
				CLANG_ANALYZER_NUMBER_OBJECT_CONVERSION = YES_AGGRESSIVE;
				CLANG_CXX_LANGUAGE_STANDARD = "gnu++20";
				CLANG_ENABLE_MODULES = YES;
				CLANG_ENABLE_OBJC_ARC = YES;
				CLANG_ENABLE_OBJC_WEAK = YES;
				CLANG_WARN_BLOCK_CAPTURE_AUTORELEASING = YES;
				CLANG_WARN_BOOL_CONVERSION = YES;
				CLANG_WARN_COMMA = YES;
				CLANG_WARN_CONSTANT_CONVERSION = YES;
				CLANG_WARN_DEPRECATED_OBJC_IMPLEMENTATIONS = YES;
				CLANG_WARN_DIRECT_OBJC_ISA_USAGE = YES_ERROR;
				CLANG_WARN_DOCUMENTATION_COMMENTS = YES;
				CLANG_WARN_EMPTY_BODY = YES;
				CLANG_WARN_ENUM_CONVERSION = YES;
				CLANG_WARN_INFINITE_RECURSION = YES;
				CLANG_WARN_INT_CONVERSION = YES;
				CLANG_WARN_NON_LITERAL_NULL_CONVERSION = YES;
				CLANG_WARN_OBJC_IMPLICIT_RETAIN_SELF = YES;
				CLANG_WARN_OBJC_LITERAL_CONVERSION = YES;
				CLANG_WARN_OBJC_ROOT_CLASS = YES_ERROR;
				CLANG_WARN_QUOTED_INCLUDE_IN_FRAMEWORK_HEADER = YES;
				CLANG_WARN_RANGE_LOOP_ANALYSIS = YES;
				CLANG_WARN_STRICT_PROTOTYPES = YES;
				CLANG_WARN_SUSPICIOUS_MOVE = YES;
				CLANG_WARN_UNGUARDED_AVAILABILITY = YES_AGGRESSIVE;
				CLANG_WARN_UNREACHABLE_CODE = YES;
				CLANG_WARN__DUPLICATE_METHOD_MATCH = YES;
				COPY_PHASE_STRIP = NO;
				DEBUG_INFORMATION_FORMAT = dwarf;
				ENABLE_STRICT_OBJC_MSGSEND = YES;
				ENABLE_TESTABILITY = YES;
				ENABLE_USER_SCRIPT_SANDBOXING = YES;
				GCC_C_LANGUAGE_STANDARD = gnu17;
				GCC_DYNAMIC_NO_PIC = NO;
				GCC_NO_COMMON_BLOCKS = YES;
				GCC_OPTIMIZATION_LEVEL = 0;
				GCC_PREPROCESSOR_DEFINITIONS = (
					"DEBUG=1",
					"$(inherited)",
				);
				GCC_WARN_64_TO_32_BIT_CONVERSION = YES;
				GCC_WARN_ABOUT_RETURN_TYPE = YES_ERROR;
				GCC_WARN_UNDECLARED_SELECTOR = YES;
				GCC_WARN_UNINITIALIZED_AUTOS = YES_AGGRESSIVE;
				GCC_WARN_UNUSED_FUNCTION = YES;
				GCC_WARN_UNUSED_VARIABLE = YES;
				IPHONEOS_DEPLOYMENT_TARGET = 17.4;
				LOCALIZATION_PREFERS_STRING_CATALOGS = YES;
				MTL_ENABLE_DEBUG_INFO = INCLUDE_SOURCE;
				MTL_FAST_MATH = YES;
				ONLY_ACTIVE_ARCH = YES;
				SDKROOT = iphoneos;
				SWIFT_ACTIVE_COMPILATION_CONDITIONS = "DEBUG $(inherited)";
				SWIFT_OPTIMIZATION_LEVEL = "-Onone";
			};
			name = Debug;
		};
		BFD48DE62C8668B000E42FBF /* Release */ = {
			isa = XCBuildConfiguration;
			buildSettings = {
				ALWAYS_SEARCH_USER_PATHS = NO;
				ASSETCATALOG_COMPILER_GENERATE_SWIFT_ASSET_SYMBOL_EXTENSIONS = YES;
				CLANG_ANALYZER_NONNULL = YES;
				CLANG_ANALYZER_NUMBER_OBJECT_CONVERSION = YES_AGGRESSIVE;
				CLANG_CXX_LANGUAGE_STANDARD = "gnu++20";
				CLANG_ENABLE_MODULES = YES;
				CLANG_ENABLE_OBJC_ARC = YES;
				CLANG_ENABLE_OBJC_WEAK = YES;
				CLANG_WARN_BLOCK_CAPTURE_AUTORELEASING = YES;
				CLANG_WARN_BOOL_CONVERSION = YES;
				CLANG_WARN_COMMA = YES;
				CLANG_WARN_CONSTANT_CONVERSION = YES;
				CLANG_WARN_DEPRECATED_OBJC_IMPLEMENTATIONS = YES;
				CLANG_WARN_DIRECT_OBJC_ISA_USAGE = YES_ERROR;
				CLANG_WARN_DOCUMENTATION_COMMENTS = YES;
				CLANG_WARN_EMPTY_BODY = YES;
				CLANG_WARN_ENUM_CONVERSION = YES;
				CLANG_WARN_INFINITE_RECURSION = YES;
				CLANG_WARN_INT_CONVERSION = YES;
				CLANG_WARN_NON_LITERAL_NULL_CONVERSION = YES;
				CLANG_WARN_OBJC_IMPLICIT_RETAIN_SELF = YES;
				CLANG_WARN_OBJC_LITERAL_CONVERSION = YES;
				CLANG_WARN_OBJC_ROOT_CLASS = YES_ERROR;
				CLANG_WARN_QUOTED_INCLUDE_IN_FRAMEWORK_HEADER = YES;
				CLANG_WARN_RANGE_LOOP_ANALYSIS = YES;
				CLANG_WARN_STRICT_PROTOTYPES = YES;
				CLANG_WARN_SUSPICIOUS_MOVE = YES;
				CLANG_WARN_UNGUARDED_AVAILABILITY = YES_AGGRESSIVE;
				CLANG_WARN_UNREACHABLE_CODE = YES;
				CLANG_WARN__DUPLICATE_METHOD_MATCH = YES;
				COPY_PHASE_STRIP = NO;
				DEBUG_INFORMATION_FORMAT = "dwarf-with-dsym";
				ENABLE_NS_ASSERTIONS = NO;
				ENABLE_STRICT_OBJC_MSGSEND = YES;
				ENABLE_USER_SCRIPT_SANDBOXING = YES;
				GCC_C_LANGUAGE_STANDARD = gnu17;
				GCC_NO_COMMON_BLOCKS = YES;
				GCC_WARN_64_TO_32_BIT_CONVERSION = YES;
				GCC_WARN_ABOUT_RETURN_TYPE = YES_ERROR;
				GCC_WARN_UNDECLARED_SELECTOR = YES;
				GCC_WARN_UNINITIALIZED_AUTOS = YES_AGGRESSIVE;
				GCC_WARN_UNUSED_FUNCTION = YES;
				GCC_WARN_UNUSED_VARIABLE = YES;
				IPHONEOS_DEPLOYMENT_TARGET = 17.4;
				LOCALIZATION_PREFERS_STRING_CATALOGS = YES;
				MTL_ENABLE_DEBUG_INFO = NO;
				MTL_FAST_MATH = YES;
				SDKROOT = iphoneos;
				SWIFT_COMPILATION_MODE = wholemodule;
				VALIDATE_PRODUCT = YES;
			};
			name = Release;
		};
		BFD48DE82C8668B000E42FBF /* Debug */ = {
			isa = XCBuildConfiguration;
			buildSettings = {
				ASSETCATALOG_COMPILER_APPICON_NAME = AppIcon;
				ASSETCATALOG_COMPILER_GLOBAL_ACCENT_COLOR_NAME = AccentColor;
				CODE_SIGN_STYLE = Automatic;
				CURRENT_PROJECT_VERSION = 1;
				DEVELOPMENT_TEAM = 2TNN32RFFV;
				GENERATE_INFOPLIST_FILE = YES;
				INFOPLIST_FILE = MoneyFlow/Info.plist;
				INFOPLIST_KEY_UIApplicationSupportsIndirectInputEvents = YES;
				INFOPLIST_KEY_UILaunchStoryboardName = LaunchScreen;
				INFOPLIST_KEY_UISupportedInterfaceOrientations = UIInterfaceOrientationPortrait;
				INFOPLIST_KEY_UISupportedInterfaceOrientations_iPad = "UIInterfaceOrientationLandscapeLeft UIInterfaceOrientationLandscapeRight UIInterfaceOrientationPortrait UIInterfaceOrientationPortraitUpsideDown";
				IPHONEOS_DEPLOYMENT_TARGET = 16.0;
				LD_RUNPATH_SEARCH_PATHS = (
					"$(inherited)",
					"@executable_path/Frameworks",
				);
				MARKETING_VERSION = 1.0;
				PRODUCT_BUNDLE_IDENTIFIER = com.NTTData.MoneyFlow;
				PRODUCT_NAME = "$(TARGET_NAME)";
				SUPPORTED_PLATFORMS = "iphoneos iphonesimulator";
				SUPPORTS_MACCATALYST = NO;
				SUPPORTS_MAC_DESIGNED_FOR_IPHONE_IPAD = NO;
				SUPPORTS_XR_DESIGNED_FOR_IPHONE_IPAD = NO;
				SWIFT_EMIT_LOC_STRINGS = YES;
				SWIFT_VERSION = 5.0;
				TARGETED_DEVICE_FAMILY = 1;
			};
			name = Debug;
		};
		BFD48DE92C8668B000E42FBF /* Release */ = {
			isa = XCBuildConfiguration;
			buildSettings = {
				ASSETCATALOG_COMPILER_APPICON_NAME = AppIcon;
				ASSETCATALOG_COMPILER_GLOBAL_ACCENT_COLOR_NAME = AccentColor;
				CODE_SIGN_STYLE = Automatic;
				CURRENT_PROJECT_VERSION = 1;
				DEVELOPMENT_TEAM = 2TNN32RFFV;
				GENERATE_INFOPLIST_FILE = YES;
				INFOPLIST_FILE = MoneyFlow/Info.plist;
				INFOPLIST_KEY_UIApplicationSupportsIndirectInputEvents = YES;
				INFOPLIST_KEY_UILaunchStoryboardName = LaunchScreen;
				INFOPLIST_KEY_UISupportedInterfaceOrientations = UIInterfaceOrientationPortrait;
				INFOPLIST_KEY_UISupportedInterfaceOrientations_iPad = "UIInterfaceOrientationLandscapeLeft UIInterfaceOrientationLandscapeRight UIInterfaceOrientationPortrait UIInterfaceOrientationPortraitUpsideDown";
				IPHONEOS_DEPLOYMENT_TARGET = 16.0;
				LD_RUNPATH_SEARCH_PATHS = (
					"$(inherited)",
					"@executable_path/Frameworks",
				);
				MARKETING_VERSION = 1.0;
				PRODUCT_BUNDLE_IDENTIFIER = com.NTTData.MoneyFlow;
				PRODUCT_NAME = "$(TARGET_NAME)";
				SUPPORTED_PLATFORMS = "iphoneos iphonesimulator";
				SUPPORTS_MACCATALYST = NO;
				SUPPORTS_MAC_DESIGNED_FOR_IPHONE_IPAD = NO;
				SUPPORTS_XR_DESIGNED_FOR_IPHONE_IPAD = NO;
				SWIFT_EMIT_LOC_STRINGS = YES;
				SWIFT_VERSION = 5.0;
				TARGETED_DEVICE_FAMILY = 1;
			};
			name = Release;
		};
/* End XCBuildConfiguration section */

/* Begin XCConfigurationList section */
		BFD48DCE2C8668AF00E42FBF /* Build configuration list for PBXProject "MoneyFlow" */ = {
			isa = XCConfigurationList;
			buildConfigurations = (
				BFD48DE52C8668B000E42FBF /* Debug */,
				BFD48DE62C8668B000E42FBF /* Release */,
			);
			defaultConfigurationIsVisible = 0;
			defaultConfigurationName = Release;
		};
		BFD48DE72C8668B000E42FBF /* Build configuration list for PBXNativeTarget "MoneyFlow" */ = {
			isa = XCConfigurationList;
			buildConfigurations = (
				BFD48DE82C8668B000E42FBF /* Debug */,
				BFD48DE92C8668B000E42FBF /* Release */,
			);
			defaultConfigurationIsVisible = 0;
			defaultConfigurationName = Release;
		};
/* End XCConfigurationList section */

/* Begin XCRemoteSwiftPackageReference section */
		BF0FD2212C91EC99006AE957 /* XCRemoteSwiftPackageReference "Charts" */ = {
			isa = XCRemoteSwiftPackageReference;
			repositoryURL = "https://github.com/danielgindi/Charts";
			requirement = {
				kind = exactVersion;
				version = 5.1.0;
			};
		};
		BFDEA6932C896D5900621383 /* XCRemoteSwiftPackageReference "realm-swift" */ = {
			isa = XCRemoteSwiftPackageReference;
			repositoryURL = "https://github.com/realm/realm-swift.git";
			requirement = {
				kind = exactVersion;
				version = 10.53.0;
			};
		};
/* End XCRemoteSwiftPackageReference section */

/* Begin XCSwiftPackageProductDependency section */
		BF0FD2222C91EC99006AE957 /* DGCharts */ = {
			isa = XCSwiftPackageProductDependency;
			package = BF0FD2212C91EC99006AE957 /* XCRemoteSwiftPackageReference "Charts" */;
			productName = DGCharts;
		};
		BFDEA6942C896D5900621383 /* RealmSwift */ = {
			isa = XCSwiftPackageProductDependency;
			package = BFDEA6932C896D5900621383 /* XCRemoteSwiftPackageReference "realm-swift" */;
			productName = RealmSwift;
		};
/* End XCSwiftPackageProductDependency section */
	};
	rootObject = BFD48DCB2C8668AF00E42FBF /* Project object */;
}
